
Microsoft Visual Studio Solution File, Format Version 12.00
# Visual Studio Version 16
VisualStudioVersion = 16.0.31729.503
MinimumVisualStudioVersion = 10.0.40219.1
Project("{FAE04EC0-301F-11D3-BF4B-00C04F79EFBC}") = "Area of a rectangle WinForms (2)", "Area of a rectangle WinForms (2).csproj", "{0421AECC-5053-40BF-8DB4-177D522689EB}"
EndProject
Global
	GlobalSection(SolutionConfigurationPlatforms) = preSolution
		Debug|Any CPU = Debug|Any CPU
		Release|Any CPU = Release|Any CPU
	EndGlobalSection
	GlobalSection(ProjectConfigurationPlatforms) = postSolution
		{0421AECC-5053-40BF-8DB4-177D522689EB}.Debug|Any CPU.ActiveCfg = Debug|Any CPU
		{0421AECC-5053-40BF-8DB4-177D522689EB}.Debug|Any CPU.Build.0 = Debug|Any CPU
		{0421AECC-5053-40BF-8DB4-177D522689EB}.Release|Any CPU.ActiveCfg = Release|Any CPU
		{0421AECC-5053-40BF-8DB4-177D522689EB}.Release|Any CPU.Build.0 = Release|Any CPU
	EndGlobalSection
	GlobalSection(SolutionProperties) = preSolution
		HideSolutionNode = FALSE
	EndGlobalSection
	GlobalSection(ExtensibilityGlobals) = postSolution
		SolutionGuid = {EC4E3A04-779A-4C5E-8D44-6708B1464905}
	EndGlobalSection
EndGlobal
